
Microsoft Visual Studio Solution File, Format Version 12.00
# Visual Studio Version 17
VisualStudioVersion = 17.0.31903.59
MinimumVisualStudioVersion = 10.0.40219.1
Project("{FAE04EC0-301F-11D3-BF4B-00C04F79EFBC}") = "Repo", "Katman1\Repo.csproj", "{AC07AB71-34AA-49CA-8F94-0A277E3C98B0}"
EndProject
Project("{FAE04EC0-301F-11D3-BF4B-00C04F79EFBC}") = "Services", "Services\Services.csproj", "{AB6DD16F-52E6-4A25-B570-9AF4585EB2E0}"
EndProject
Project("{FAE04EC0-301F-11D3-BF4B-00C04F79EFBC}") = "Entities", "Entities\Entities.csproj", "{40B6C1D7-48FC-4B3E-ABE6-DD8D0E4038F8}"
EndProject
Project("{FAE04EC0-301F-11D3-BF4B-00C04F79EFBC}") = "API", "API\API.csproj", "{349BF5C7-1055-428D-87EC-5E8E5396B8BB}"
EndProject
Global
	GlobalSection(SolutionConfigurationPlatforms) = preSolution
		Debug|Any CPU = Debug|Any CPU
		Release|Any CPU = Release|Any CPU
	EndGlobalSection
	GlobalSection(ProjectConfigurationPlatforms) = postSolution
		{AC07AB71-34AA-49CA-8F94-0A277E3C98B0}.Debug|Any CPU.ActiveCfg = Debug|Any CPU
		{AC07AB71-34AA-49CA-8F94-0A277E3C98B0}.Debug|Any CPU.Build.0 = Debug|Any CPU
		{AC07AB71-34AA-49CA-8F94-0A277E3C98B0}.Release|Any CPU.ActiveCfg = Release|Any CPU
		{AC07AB71-34AA-49CA-8F94-0A277E3C98B0}.Release|Any CPU.Build.0 = Release|Any CPU
		{AB6DD16F-52E6-4A25-B570-9AF4585EB2E0}.Debug|Any CPU.ActiveCfg = Debug|Any CPU
		{AB6DD16F-52E6-4A25-B570-9AF4585EB2E0}.Debug|Any CPU.Build.0 = Debug|Any CPU
		{AB6DD16F-52E6-4A25-B570-9AF4585EB2E0}.Release|Any CPU.ActiveCfg = Release|Any CPU
		{AB6DD16F-52E6-4A25-B570-9AF4585EB2E0}.Release|Any CPU.Build.0 = Release|Any CPU
		{40B6C1D7-48FC-4B3E-ABE6-DD8D0E4038F8}.Debug|Any CPU.ActiveCfg = Debug|Any CPU
		{40B6C1D7-48FC-4B3E-ABE6-DD8D0E4038F8}.Debug|Any CPU.Build.0 = Debug|Any CPU
		{40B6C1D7-48FC-4B3E-ABE6-DD8D0E4038F8}.Release|Any CPU.ActiveCfg = Release|Any CPU
		{40B6C1D7-48FC-4B3E-ABE6-DD8D0E4038F8}.Release|Any CPU.Build.0 = Release|Any CPU
		{349BF5C7-1055-428D-87EC-5E8E5396B8BB}.Debug|Any CPU.ActiveCfg = Debug|Any CPU
		{349BF5C7-1055-428D-87EC-5E8E5396B8BB}.Debug|Any CPU.Build.0 = Debug|Any CPU
		{349BF5C7-1055-428D-87EC-5E8E5396B8BB}.Release|Any CPU.ActiveCfg = Release|Any CPU
		{349BF5C7-1055-428D-87EC-5E8E5396B8BB}.Release|Any CPU.Build.0 = Release|Any CPU
	EndGlobalSection
	GlobalSection(SolutionProperties) = preSolution
		HideSolutionNode = FALSE
	EndGlobalSection
EndGlobal
